
Microsoft Visual Studio Solution File, Format Version 12.00
# Visual Studio Version 16
VisualStudioVersion = 16.0.31105.61
MinimumVisualStudioVersion = 10.0.40219.1
Project("{FAE04EC0-301F-11D3-BF4B-00C04F79EFBC}") = "UseitaProjekteja", "UseitaProjekteja\UseitaProjekteja.csproj", "{9B64E658-1D77-444F-89A1-C6493DFCCC88}"
EndProject
Project("{FAE04EC0-301F-11D3-BF4B-00C04F79EFBC}") = "LaskentaKirjasto", "LaskentaKirjasto\LaskentaKirjasto.csproj", "{5EAD757A-699F-4227-9097-59101933B735}"
EndProject
Global
	GlobalSection(SolutionConfigurationPlatforms) = preSolution
		Debug|Any CPU = Debug|Any CPU
		Release|Any CPU = Release|Any CPU
	EndGlobalSection
	GlobalSection(ProjectConfigurationPlatforms) = postSolution
		{9B64E658-1D77-444F-89A1-C6493DFCCC88}.Debug|Any CPU.ActiveCfg = Debug|Any CPU
		{9B64E658-1D77-444F-89A1-C6493DFCCC88}.Debug|Any CPU.Build.0 = Debug|Any CPU
		{9B64E658-1D77-444F-89A1-C6493DFCCC88}.Release|Any CPU.ActiveCfg = Release|Any CPU
		{9B64E658-1D77-444F-89A1-C6493DFCCC88}.Release|Any CPU.Build.0 = Release|Any CPU
		{5EAD757A-699F-4227-9097-59101933B735}.Debug|Any CPU.ActiveCfg = Debug|Any CPU
		{5EAD757A-699F-4227-9097-59101933B735}.Debug|Any CPU.Build.0 = Debug|Any CPU
		{5EAD757A-699F-4227-9097-59101933B735}.Release|Any CPU.ActiveCfg = Release|Any CPU
		{5EAD757A-699F-4227-9097-59101933B735}.Release|Any CPU.Build.0 = Release|Any CPU
	EndGlobalSection
	GlobalSection(SolutionProperties) = preSolution
		HideSolutionNode = FALSE
	EndGlobalSection
	GlobalSection(ExtensibilityGlobals) = postSolution
		SolutionGuid = {D2E4C244-E26D-4AEB-A485-0F2F2748E949}
	EndGlobalSection
EndGlobal
